
Microsoft Visual Studio Solution File, Format Version 12.00
# Visual Studio Version 17
VisualStudioVersion = 17.7.34031.279
MinimumVisualStudioVersion = 10.0.40219.1
Project("{2150E333-8FDC-42A3-9474-1A3956D46DE8}") = "ApiConsume", "ApiConsume", "{181C5390-788F-43E8-BD7A-7F9969F5F473}"
EndProject
Project("{2150E333-8FDC-42A3-9474-1A3956D46DE8}") = "Frontend", "Frontend", "{751AB7C1-2070-4E92-9F1D-439983B9AE5B}"
	ProjectSection(SolutionItems) = preProject
		Index.html = Index.html
		index.js = index.js
	EndProjectSection
EndProject
Project("{2150E333-8FDC-42A3-9474-1A3956D46DE8}") = "ToDoList", "ToDoList", "{C5673D8B-6A8C-4D60-8D0C-725212D90BC2}"
	ProjectSection(SolutionItems) = preProject
		TextFile1.txt = TextFile1.txt
	EndProjectSection
EndProject
Project("{9A19103F-16F7-4668-BE54-9A1E7A4F7556}") = "Watcher.WebApi", "ApiConsume\Watcher.WebApi\Watcher.WebApi.csproj", "{595E812F-7F8C-493B-A1B0-52063B340512}"
EndProject
Global
	GlobalSection(SolutionConfigurationPlatforms) = preSolution
		Debug|Any CPU = Debug|Any CPU
		Release|Any CPU = Release|Any CPU
	EndGlobalSection
	GlobalSection(ProjectConfigurationPlatforms) = postSolution
		{595E812F-7F8C-493B-A1B0-52063B340512}.Debug|Any CPU.ActiveCfg = Debug|Any CPU
		{595E812F-7F8C-493B-A1B0-52063B340512}.Debug|Any CPU.Build.0 = Debug|Any CPU
		{595E812F-7F8C-493B-A1B0-52063B340512}.Release|Any CPU.ActiveCfg = Release|Any CPU
		{595E812F-7F8C-493B-A1B0-52063B340512}.Release|Any CPU.Build.0 = Release|Any CPU
	EndGlobalSection
	GlobalSection(SolutionProperties) = preSolution
		HideSolutionNode = FALSE
	EndGlobalSection
	GlobalSection(NestedProjects) = preSolution
		{595E812F-7F8C-493B-A1B0-52063B340512} = {181C5390-788F-43E8-BD7A-7F9969F5F473}
	EndGlobalSection
	GlobalSection(ExtensibilityGlobals) = postSolution
		SolutionGuid = {ABE3DDCF-1C2B-4748-BD2A-10A40D006681}
	EndGlobalSection
EndGlobal
